
Microsoft Visual Studio Solution File, Format Version 12.00
# Visual Studio Version 17
VisualStudioVersion = 17.5.33502.453
MinimumVisualStudioVersion = 10.0.40219.1
Project("{FAE04EC0-301F-11D3-BF4B-00C04F79EFBC}") = "PacktLibrary", "PacktLibrary\PacktLibrary.csproj", "{8759DC94-860B-4C21-A522-78A821CEAFDF}"
EndProject
Project("{FAE04EC0-301F-11D3-BF4B-00C04F79EFBC}") = "PeopleApp", "PeopleApp\PeopleApp.csproj", "{41F0752D-3242-40AA-A4B3-B451BEFAA016}"
EndProject
Global
	GlobalSection(SolutionConfigurationPlatforms) = preSolution
		Debug|Any CPU = Debug|Any CPU
		Release|Any CPU = Release|Any CPU
	EndGlobalSection
	GlobalSection(ProjectConfigurationPlatforms) = postSolution
		{8759DC94-860B-4C21-A522-78A821CEAFDF}.Debug|Any CPU.ActiveCfg = Debug|Any CPU
		{8759DC94-860B-4C21-A522-78A821CEAFDF}.Debug|Any CPU.Build.0 = Debug|Any CPU
		{8759DC94-860B-4C21-A522-78A821CEAFDF}.Release|Any CPU.ActiveCfg = Release|Any CPU
		{8759DC94-860B-4C21-A522-78A821CEAFDF}.Release|Any CPU.Build.0 = Release|Any CPU
		{41F0752D-3242-40AA-A4B3-B451BEFAA016}.Debug|Any CPU.ActiveCfg = Debug|Any CPU
		{41F0752D-3242-40AA-A4B3-B451BEFAA016}.Debug|Any CPU.Build.0 = Debug|Any CPU
		{41F0752D-3242-40AA-A4B3-B451BEFAA016}.Release|Any CPU.ActiveCfg = Release|Any CPU
		{41F0752D-3242-40AA-A4B3-B451BEFAA016}.Release|Any CPU.Build.0 = Release|Any CPU
	EndGlobalSection
	GlobalSection(SolutionProperties) = preSolution
		HideSolutionNode = FALSE
	EndGlobalSection
	GlobalSection(ExtensibilityGlobals) = postSolution
		SolutionGuid = {8C5CEAC9-56BD-4DC8-9E1B-CC1C219A89D9}
	EndGlobalSection
EndGlobal
