
Microsoft Visual Studio Solution File, Format Version 12.00
# Visual Studio Version 17
VisualStudioVersion = 17.5.33502.453
MinimumVisualStudioVersion = 10.0.40219.1
Project("{9A19103F-16F7-4668-BE54-9A1E7A4F7556}") = "Vocabulary", "Vocabulary\Vocabulary.csproj", "{155A6F97-D76D-49E9-B65B-C33CCA84BCA5}"
EndProject
Project("{9A19103F-16F7-4668-BE54-9A1E7A4F7556}") = "Numbers", "Numbers\Numbers.csproj", "{CEBFB121-7D92-4ECD-BAFC-DFFAD746A6F5}"
EndProject
Project("{9A19103F-16F7-4668-BE54-9A1E7A4F7556}") = "Variables", "Variables\Variables.csproj", "{F7B5E2C2-4E48-4EE1-9D65-6B805CFE0D3A}"
EndProject
Project("{9A19103F-16F7-4668-BE54-9A1E7A4F7556}") = "Formatting", "Formatting\Formatting.csproj", "{5CB9C2EA-7721-46EF-855F-A0F1B16E0E64}"
EndProject
Project("{9A19103F-16F7-4668-BE54-9A1E7A4F7556}") = "Formatting-1", "Formatting-1\Formatting-1.csproj", "{AC47D67C-8EF6-4807-838B-435B8F9CD6CD}"
EndProject
Project("{FAE04EC0-301F-11D3-BF4B-00C04F79EFBC}") = "Arguments", "Arguments\Arguments.csproj", "{812545D4-D9D4-43C7-815D-EFE5AC2E5113}"
EndProject
Project("{FAE04EC0-301F-11D3-BF4B-00C04F79EFBC}") = "Console", "Console\Console.csproj", "{EF02240C-8637-467B-B13B-24AC67ED15DF}"
EndProject
Global
	GlobalSection(SolutionConfigurationPlatforms) = preSolution
		Debug|Any CPU = Debug|Any CPU
		Release|Any CPU = Release|Any CPU
	EndGlobalSection
	GlobalSection(ProjectConfigurationPlatforms) = postSolution
		{155A6F97-D76D-49E9-B65B-C33CCA84BCA5}.Debug|Any CPU.ActiveCfg = Debug|Any CPU
		{155A6F97-D76D-49E9-B65B-C33CCA84BCA5}.Debug|Any CPU.Build.0 = Debug|Any CPU
		{155A6F97-D76D-49E9-B65B-C33CCA84BCA5}.Release|Any CPU.ActiveCfg = Release|Any CPU
		{155A6F97-D76D-49E9-B65B-C33CCA84BCA5}.Release|Any CPU.Build.0 = Release|Any CPU
		{CEBFB121-7D92-4ECD-BAFC-DFFAD746A6F5}.Debug|Any CPU.ActiveCfg = Debug|Any CPU
		{CEBFB121-7D92-4ECD-BAFC-DFFAD746A6F5}.Debug|Any CPU.Build.0 = Debug|Any CPU
		{CEBFB121-7D92-4ECD-BAFC-DFFAD746A6F5}.Release|Any CPU.ActiveCfg = Release|Any CPU
		{CEBFB121-7D92-4ECD-BAFC-DFFAD746A6F5}.Release|Any CPU.Build.0 = Release|Any CPU
		{F7B5E2C2-4E48-4EE1-9D65-6B805CFE0D3A}.Debug|Any CPU.ActiveCfg = Debug|Any CPU
		{F7B5E2C2-4E48-4EE1-9D65-6B805CFE0D3A}.Debug|Any CPU.Build.0 = Debug|Any CPU
		{F7B5E2C2-4E48-4EE1-9D65-6B805CFE0D3A}.Release|Any CPU.ActiveCfg = Release|Any CPU
		{F7B5E2C2-4E48-4EE1-9D65-6B805CFE0D3A}.Release|Any CPU.Build.0 = Release|Any CPU
		{5CB9C2EA-7721-46EF-855F-A0F1B16E0E64}.Debug|Any CPU.ActiveCfg = Debug|Any CPU
		{5CB9C2EA-7721-46EF-855F-A0F1B16E0E64}.Debug|Any CPU.Build.0 = Debug|Any CPU
		{5CB9C2EA-7721-46EF-855F-A0F1B16E0E64}.Release|Any CPU.ActiveCfg = Release|Any CPU
		{5CB9C2EA-7721-46EF-855F-A0F1B16E0E64}.Release|Any CPU.Build.0 = Release|Any CPU
		{AC47D67C-8EF6-4807-838B-435B8F9CD6CD}.Debug|Any CPU.ActiveCfg = Debug|Any CPU
		{AC47D67C-8EF6-4807-838B-435B8F9CD6CD}.Debug|Any CPU.Build.0 = Debug|Any CPU
		{AC47D67C-8EF6-4807-838B-435B8F9CD6CD}.Release|Any CPU.ActiveCfg = Release|Any CPU
		{AC47D67C-8EF6-4807-838B-435B8F9CD6CD}.Release|Any CPU.Build.0 = Release|Any CPU
		{812545D4-D9D4-43C7-815D-EFE5AC2E5113}.Debug|Any CPU.ActiveCfg = Debug|Any CPU
		{812545D4-D9D4-43C7-815D-EFE5AC2E5113}.Debug|Any CPU.Build.0 = Debug|Any CPU
		{812545D4-D9D4-43C7-815D-EFE5AC2E5113}.Release|Any CPU.ActiveCfg = Release|Any CPU
		{812545D4-D9D4-43C7-815D-EFE5AC2E5113}.Release|Any CPU.Build.0 = Release|Any CPU
		{EF02240C-8637-467B-B13B-24AC67ED15DF}.Debug|Any CPU.ActiveCfg = Debug|Any CPU
		{EF02240C-8637-467B-B13B-24AC67ED15DF}.Debug|Any CPU.Build.0 = Debug|Any CPU
		{EF02240C-8637-467B-B13B-24AC67ED15DF}.Release|Any CPU.ActiveCfg = Release|Any CPU
		{EF02240C-8637-467B-B13B-24AC67ED15DF}.Release|Any CPU.Build.0 = Release|Any CPU
	EndGlobalSection
	GlobalSection(SolutionProperties) = preSolution
		HideSolutionNode = FALSE
	EndGlobalSection
	GlobalSection(ExtensibilityGlobals) = postSolution
		SolutionGuid = {5130C3FB-5233-4DF8-A04C-CDE173EA070B}
	EndGlobalSection
EndGlobal
