
Microsoft Visual Studio Solution File, Format Version 12.00
# Visual Studio Version 17
VisualStudioVersion = 17.5.33502.453
MinimumVisualStudioVersion = 10.0.40219.1
Project("{FAE04EC0-301F-11D3-BF4B-00C04F79EFBC}") = "Vocabulary", "Vocabulary\Vocabulary.csproj", "{155A6F97-D76D-49E9-B65B-C33CCA84BCA5}"
EndProject
Project("{FAE04EC0-301F-11D3-BF4B-00C04F79EFBC}") = "Numbers", "Numbers\Numbers.csproj", "{CEBFB121-7D92-4ECD-BAFC-DFFAD746A6F5}"
EndProject
Project("{FAE04EC0-301F-11D3-BF4B-00C04F79EFBC}") = "Variables", "Variables\Variables.csproj", "{F7B5E2C2-4E48-4EE1-9D65-6B805CFE0D3A}"
EndProject
Project("{FAE04EC0-301F-11D3-BF4B-00C04F79EFBC}") = "Formatting", "Formatting\Formatting.csproj", "{5CB9C2EA-7721-46EF-855F-A0F1B16E0E64}"
EndProject
Global
	GlobalSection(SolutionConfigurationPlatforms) = preSolution
		Debug|Any CPU = Debug|Any CPU
		Release|Any CPU = Release|Any CPU
	EndGlobalSection
	GlobalSection(ProjectConfigurationPlatforms) = postSolution
		{155A6F97-D76D-49E9-B65B-C33CCA84BCA5}.Debug|Any CPU.ActiveCfg = Debug|Any CPU
		{155A6F97-D76D-49E9-B65B-C33CCA84BCA5}.Debug|Any CPU.Build.0 = Debug|Any CPU
		{155A6F97-D76D-49E9-B65B-C33CCA84BCA5}.Release|Any CPU.ActiveCfg = Release|Any CPU
		{155A6F97-D76D-49E9-B65B-C33CCA84BCA5}.Release|Any CPU.Build.0 = Release|Any CPU
		{CEBFB121-7D92-4ECD-BAFC-DFFAD746A6F5}.Debug|Any CPU.ActiveCfg = Debug|Any CPU
		{CEBFB121-7D92-4ECD-BAFC-DFFAD746A6F5}.Debug|Any CPU.Build.0 = Debug|Any CPU
		{CEBFB121-7D92-4ECD-BAFC-DFFAD746A6F5}.Release|Any CPU.ActiveCfg = Release|Any CPU
		{CEBFB121-7D92-4ECD-BAFC-DFFAD746A6F5}.Release|Any CPU.Build.0 = Release|Any CPU
		{F7B5E2C2-4E48-4EE1-9D65-6B805CFE0D3A}.Debug|Any CPU.ActiveCfg = Debug|Any CPU
		{F7B5E2C2-4E48-4EE1-9D65-6B805CFE0D3A}.Debug|Any CPU.Build.0 = Debug|Any CPU
		{F7B5E2C2-4E48-4EE1-9D65-6B805CFE0D3A}.Release|Any CPU.ActiveCfg = Release|Any CPU
		{F7B5E2C2-4E48-4EE1-9D65-6B805CFE0D3A}.Release|Any CPU.Build.0 = Release|Any CPU
		{5CB9C2EA-7721-46EF-855F-A0F1B16E0E64}.Debug|Any CPU.ActiveCfg = Debug|Any CPU
		{5CB9C2EA-7721-46EF-855F-A0F1B16E0E64}.Debug|Any CPU.Build.0 = Debug|Any CPU
		{5CB9C2EA-7721-46EF-855F-A0F1B16E0E64}.Release|Any CPU.ActiveCfg = Release|Any CPU
		{5CB9C2EA-7721-46EF-855F-A0F1B16E0E64}.Release|Any CPU.Build.0 = Release|Any CPU
	EndGlobalSection
	GlobalSection(SolutionProperties) = preSolution
		HideSolutionNode = FALSE
	EndGlobalSection
	GlobalSection(ExtensibilityGlobals) = postSolution
		SolutionGuid = {5130C3FB-5233-4DF8-A04C-CDE173EA070B}
	EndGlobalSection
EndGlobal
