
Microsoft Visual Studio Solution File, Format Version 12.00
# Visual Studio Version 17
VisualStudioVersion = 17.5.33502.453
MinimumVisualStudioVersion = 10.0.40219.1
Project("{9A19103F-16F7-4668-BE54-9A1E7A4F7556}") = "ConsoleApp", "ConsoleApp\ConsoleApp.csproj", "{1EB43BF3-8350-4680-AD6D-991ED7806CA7}"
EndProject
Project("{9A19103F-16F7-4668-BE54-9A1E7A4F7556}") = "PeopleApp", "PeopleApp\PeopleApp.csproj", "{F12A70D2-D18F-48AD-AFAD-9A0C92096BF8}"
EndProject
Project("{9A19103F-16F7-4668-BE54-9A1E7A4F7556}") = "Bank", "Bank\Bank.csproj", "{EFCCACA6-CDBE-40C2-AC40-1ACE6262D0B5}"
EndProject
Project("{FAE04EC0-301F-11D3-BF4B-00C04F79EFBC}") = "Monday", "Monday\Monday.csproj", "{206C643E-B726-4091-849C-64FDCAA48123}"
EndProject
Global
	GlobalSection(SolutionConfigurationPlatforms) = preSolution
		Debug|Any CPU = Debug|Any CPU
		Release|Any CPU = Release|Any CPU
	EndGlobalSection
	GlobalSection(ProjectConfigurationPlatforms) = postSolution
		{1EB43BF3-8350-4680-AD6D-991ED7806CA7}.Debug|Any CPU.ActiveCfg = Debug|Any CPU
		{1EB43BF3-8350-4680-AD6D-991ED7806CA7}.Debug|Any CPU.Build.0 = Debug|Any CPU
		{1EB43BF3-8350-4680-AD6D-991ED7806CA7}.Release|Any CPU.ActiveCfg = Release|Any CPU
		{1EB43BF3-8350-4680-AD6D-991ED7806CA7}.Release|Any CPU.Build.0 = Release|Any CPU
		{F12A70D2-D18F-48AD-AFAD-9A0C92096BF8}.Debug|Any CPU.ActiveCfg = Debug|Any CPU
		{F12A70D2-D18F-48AD-AFAD-9A0C92096BF8}.Debug|Any CPU.Build.0 = Debug|Any CPU
		{F12A70D2-D18F-48AD-AFAD-9A0C92096BF8}.Release|Any CPU.ActiveCfg = Release|Any CPU
		{F12A70D2-D18F-48AD-AFAD-9A0C92096BF8}.Release|Any CPU.Build.0 = Release|Any CPU
		{EFCCACA6-CDBE-40C2-AC40-1ACE6262D0B5}.Debug|Any CPU.ActiveCfg = Debug|Any CPU
		{EFCCACA6-CDBE-40C2-AC40-1ACE6262D0B5}.Debug|Any CPU.Build.0 = Debug|Any CPU
		{EFCCACA6-CDBE-40C2-AC40-1ACE6262D0B5}.Release|Any CPU.ActiveCfg = Release|Any CPU
		{EFCCACA6-CDBE-40C2-AC40-1ACE6262D0B5}.Release|Any CPU.Build.0 = Release|Any CPU
		{206C643E-B726-4091-849C-64FDCAA48123}.Debug|Any CPU.ActiveCfg = Debug|Any CPU
		{206C643E-B726-4091-849C-64FDCAA48123}.Debug|Any CPU.Build.0 = Debug|Any CPU
		{206C643E-B726-4091-849C-64FDCAA48123}.Release|Any CPU.ActiveCfg = Release|Any CPU
		{206C643E-B726-4091-849C-64FDCAA48123}.Release|Any CPU.Build.0 = Release|Any CPU
	EndGlobalSection
	GlobalSection(SolutionProperties) = preSolution
		HideSolutionNode = FALSE
	EndGlobalSection
	GlobalSection(ExtensibilityGlobals) = postSolution
		SolutionGuid = {7BD84E67-B62F-4D46-B98A-57ABF5ABD07A}
	EndGlobalSection
EndGlobal
