
Microsoft Visual Studio Solution File, Format Version 12.00
# Visual Studio Version 17
VisualStudioVersion = 17.6.33717.318
MinimumVisualStudioVersion = 10.0.40219.1
Project("{9A19103F-16F7-4668-BE54-9A1E7A4F7556}") = "WorkingWithEFCore", "WorkingWithEFCore\WorkingWithEFCore.csproj", "{E9C085DD-275C-4813-8D9C-579A8BE754EB}"
EndProject
Project("{9A19103F-16F7-4668-BE54-9A1E7A4F7556}") = "PracticeEntity", "PracticeEntity\PracticeEntity.csproj", "{3B20A29B-2D0D-4803-AC00-FA0BEFD6DB5C}"
EndProject
Project("{9A19103F-16F7-4668-BE54-9A1E7A4F7556}") = "Homework", "Homework\Homework.csproj", "{7CF3454F-832E-47B3-82C8-DAAB2AFC8F8A}"
EndProject
Project("{FAE04EC0-301F-11D3-BF4B-00C04F79EFBC}") = "LoginProject", "LoginProject\LoginProject.csproj", "{ED990C9A-5136-4155-A9A4-72A8815C1AC8}"
EndProject
Global
	GlobalSection(SolutionConfigurationPlatforms) = preSolution
		Debug|Any CPU = Debug|Any CPU
		Release|Any CPU = Release|Any CPU
	EndGlobalSection
	GlobalSection(ProjectConfigurationPlatforms) = postSolution
		{E9C085DD-275C-4813-8D9C-579A8BE754EB}.Debug|Any CPU.ActiveCfg = Debug|Any CPU
		{E9C085DD-275C-4813-8D9C-579A8BE754EB}.Debug|Any CPU.Build.0 = Debug|Any CPU
		{E9C085DD-275C-4813-8D9C-579A8BE754EB}.Release|Any CPU.ActiveCfg = Release|Any CPU
		{E9C085DD-275C-4813-8D9C-579A8BE754EB}.Release|Any CPU.Build.0 = Release|Any CPU
		{3B20A29B-2D0D-4803-AC00-FA0BEFD6DB5C}.Debug|Any CPU.ActiveCfg = Debug|Any CPU
		{3B20A29B-2D0D-4803-AC00-FA0BEFD6DB5C}.Debug|Any CPU.Build.0 = Debug|Any CPU
		{3B20A29B-2D0D-4803-AC00-FA0BEFD6DB5C}.Release|Any CPU.ActiveCfg = Release|Any CPU
		{3B20A29B-2D0D-4803-AC00-FA0BEFD6DB5C}.Release|Any CPU.Build.0 = Release|Any CPU
		{7CF3454F-832E-47B3-82C8-DAAB2AFC8F8A}.Debug|Any CPU.ActiveCfg = Debug|Any CPU
		{7CF3454F-832E-47B3-82C8-DAAB2AFC8F8A}.Debug|Any CPU.Build.0 = Debug|Any CPU
		{7CF3454F-832E-47B3-82C8-DAAB2AFC8F8A}.Release|Any CPU.ActiveCfg = Release|Any CPU
		{7CF3454F-832E-47B3-82C8-DAAB2AFC8F8A}.Release|Any CPU.Build.0 = Release|Any CPU
		{ED990C9A-5136-4155-A9A4-72A8815C1AC8}.Debug|Any CPU.ActiveCfg = Debug|Any CPU
		{ED990C9A-5136-4155-A9A4-72A8815C1AC8}.Debug|Any CPU.Build.0 = Debug|Any CPU
		{ED990C9A-5136-4155-A9A4-72A8815C1AC8}.Release|Any CPU.ActiveCfg = Release|Any CPU
		{ED990C9A-5136-4155-A9A4-72A8815C1AC8}.Release|Any CPU.Build.0 = Release|Any CPU
	EndGlobalSection
	GlobalSection(SolutionProperties) = preSolution
		HideSolutionNode = FALSE
	EndGlobalSection
	GlobalSection(ExtensibilityGlobals) = postSolution
		SolutionGuid = {27270364-6F4D-4A04-B50A-720277B12B11}
	EndGlobalSection
EndGlobal
