
Microsoft Visual Studio Solution File, Format Version 12.00
# Visual Studio Version 17
VisualStudioVersion = 17.6.33717.318
MinimumVisualStudioVersion = 10.0.40219.1
Project("{FAE04EC0-301F-11D3-BF4B-00C04F79EFBC}") = "ToDoWinform", "ToDoWinform\ToDoWinform.csproj", "{AD8E44B4-63C6-43EC-B14F-4A0D273BACEF}"
EndProject
Project("{FAE04EC0-301F-11D3-BF4B-00C04F79EFBC}") = "ToDoDb", "ToDoDb\ToDoDb.csproj", "{F4298149-58EF-4735-A897-434AE59AEFEC}"
EndProject
Global
	GlobalSection(SolutionConfigurationPlatforms) = preSolution
		Debug|Any CPU = Debug|Any CPU
		Release|Any CPU = Release|Any CPU
	EndGlobalSection
	GlobalSection(ProjectConfigurationPlatforms) = postSolution
		{AD8E44B4-63C6-43EC-B14F-4A0D273BACEF}.Debug|Any CPU.ActiveCfg = Debug|Any CPU
		{AD8E44B4-63C6-43EC-B14F-4A0D273BACEF}.Debug|Any CPU.Build.0 = Debug|Any CPU
		{AD8E44B4-63C6-43EC-B14F-4A0D273BACEF}.Release|Any CPU.ActiveCfg = Release|Any CPU
		{AD8E44B4-63C6-43EC-B14F-4A0D273BACEF}.Release|Any CPU.Build.0 = Release|Any CPU
		{F4298149-58EF-4735-A897-434AE59AEFEC}.Debug|Any CPU.ActiveCfg = Debug|Any CPU
		{F4298149-58EF-4735-A897-434AE59AEFEC}.Debug|Any CPU.Build.0 = Debug|Any CPU
		{F4298149-58EF-4735-A897-434AE59AEFEC}.Release|Any CPU.ActiveCfg = Release|Any CPU
		{F4298149-58EF-4735-A897-434AE59AEFEC}.Release|Any CPU.Build.0 = Release|Any CPU
	EndGlobalSection
	GlobalSection(SolutionProperties) = preSolution
		HideSolutionNode = FALSE
	EndGlobalSection
	GlobalSection(ExtensibilityGlobals) = postSolution
		SolutionGuid = {A698C577-DF7D-4D12-A9C8-E4BC7EB5605E}
	EndGlobalSection
EndGlobal
