
Microsoft Visual Studio Solution File, Format Version 12.00
# Visual Studio Version 17
VisualStudioVersion = 17.5.33502.453
MinimumVisualStudioVersion = 10.0.40219.1
Project("{FAE04EC0-301F-11D3-BF4B-00C04F79EFBC}") = "HelloCSharpSayHello", "HelloCSharpSayHello\HelloCSharpSayHello.csproj", "{890CB4BF-0FA5-445F-9BD6-27CA2AFDBC20}"
EndProject
Project("{FAE04EC0-301F-11D3-BF4B-00C04F79EFBC}") = "HelloDataTypes", "HelloDataTypes\HelloDataTypes.csproj", "{5F13D7D6-DB4D-44D7-A229-1159C3AF0E2B}"
EndProject
Global
	GlobalSection(SolutionConfigurationPlatforms) = preSolution
		Debug|Any CPU = Debug|Any CPU
		Release|Any CPU = Release|Any CPU
	EndGlobalSection
	GlobalSection(ProjectConfigurationPlatforms) = postSolution
		{890CB4BF-0FA5-445F-9BD6-27CA2AFDBC20}.Debug|Any CPU.ActiveCfg = Debug|Any CPU
		{890CB4BF-0FA5-445F-9BD6-27CA2AFDBC20}.Debug|Any CPU.Build.0 = Debug|Any CPU
		{890CB4BF-0FA5-445F-9BD6-27CA2AFDBC20}.Release|Any CPU.ActiveCfg = Release|Any CPU
		{890CB4BF-0FA5-445F-9BD6-27CA2AFDBC20}.Release|Any CPU.Build.0 = Release|Any CPU
		{5F13D7D6-DB4D-44D7-A229-1159C3AF0E2B}.Debug|Any CPU.ActiveCfg = Debug|Any CPU
		{5F13D7D6-DB4D-44D7-A229-1159C3AF0E2B}.Debug|Any CPU.Build.0 = Debug|Any CPU
		{5F13D7D6-DB4D-44D7-A229-1159C3AF0E2B}.Release|Any CPU.ActiveCfg = Release|Any CPU
		{5F13D7D6-DB4D-44D7-A229-1159C3AF0E2B}.Release|Any CPU.Build.0 = Release|Any CPU
	EndGlobalSection
	GlobalSection(SolutionProperties) = preSolution
		HideSolutionNode = FALSE
	EndGlobalSection
	GlobalSection(ExtensibilityGlobals) = postSolution
		SolutionGuid = {67D2BBC0-1CEB-41CD-8CBE-2351CAE5CE84}
	EndGlobalSection
EndGlobal
